
Microsoft Visual Studio Solution File, Format Version 12.00
# Visual Studio 2013
VisualStudioVersion = 12.0.31101.0
MinimumVisualStudioVersion = 10.0.40219.1
Project("{2150E333-8FDC-42A3-9474-1A3956D46DE8}") = ".nuget", ".nuget", "{7A1C6962-1A67-43B9-8CBF-2944B1008698}"
	ProjectSection(SolutionItems) = preProject
		.nuget\NuGet.Config = .nuget\NuGet.Config
		.nuget\NuGet.exe = .nuget\NuGet.exe
		.nuget\NuGet.targets = .nuget\NuGet.targets
	EndProjectSection
EndProject
Project("{54435603-DBB4-11D2-8724-00A0C9A8B90C}") = "DiegoWindowsMSI", "DiegoWindowsMSI\DiegoWindowsMSI.vdproj", "{E59E28F3-8214-4EAF-B1E4-F6AAEA541235}"
EndProject
Project("{FAE04EC0-301F-11D3-BF4B-00C04F79EFBC}") = "ConfigurationManager", "ConfigurationManager\ConfigurationManager.csproj", "{47A78AC3-D749-46E2-B7B6-A7DC1A8C2B70}"
EndProject
Project("{FAE04EC0-301F-11D3-BF4B-00C04F79EFBC}") = "GardenWindowsService", "GardenWindows\GardenWindowsService.csproj", "{9BE76F3D-09E5-4821-BB4C-658A27558948}"
EndProject
Project("{FAE04EC0-301F-11D3-BF4B-00C04F79EFBC}") = "ContainerizerService", "ContainerizerService\ContainerizerService.csproj", "{0C31B733-6F0E-447D-A55E-453213B26D51}"
EndProject
Project("{FAE04EC0-301F-11D3-BF4B-00C04F79EFBC}") = "ConsulService", "ConsulService\ConsulService.csproj", "{D7F28661-15DB-4C4C-8826-1D4506714B5D}"
EndProject
Project("{FAE04EC0-301F-11D3-BF4B-00C04F79EFBC}") = "RepService", "RepService\RepService.csproj", "{10A2FD7D-81FB-4F85-BE35-DE41E9084F99}"
EndProject
Project("{FAE04EC0-301F-11D3-BF4B-00C04F79EFBC}") = "Containerizer", "..\src\github.com\cloudfoundry-incubator\garden-windows\containerizer\Containerizer\Containerizer.csproj", "{B512432C-BDE1-4108-8DCF-5EDB78FAC454}"
EndProject
Project("{FAE04EC0-301F-11D3-BF4B-00C04F79EFBC}") = "ServiceConfigurator", "ServiceConfigurator\ServiceConfigurator.csproj", "{37CE20E8-7999-4F16-BC9F-C97566107BDC}"
EndProject
Project("{FAE04EC0-301F-11D3-BF4B-00C04F79EFBC}") = "MetronService", "MetronService\MetronService.csproj", "{7ACF3253-98BB-44B2-8451-2089B6B95099}"
EndProject
Project("{FAE04EC0-301F-11D3-BF4B-00C04F79EFBC}") = "Logger", "..\src\github.com\cloudfoundry-incubator\garden-windows\containerizer\Logger\Logger.csproj", "{642C3C03-E002-4A16-8117-5EBAE8ACB9A4}"
EndProject
Project("{FAE04EC0-301F-11D3-BF4B-00C04F79EFBC}") = "IronFrame", "..\src\github.com\cloudfoundry-incubator\garden-windows\containerizer\IronFrame\IronFrame\IronFrame.csproj", "{5DE07F79-B758-4A04-B908-626E7577313E}"
EndProject
Project("{FAE04EC0-301F-11D3-BF4B-00C04F79EFBC}") = "IronFrame.Host", "..\src\github.com\cloudfoundry-incubator\garden-windows\containerizer\IronFrame\IronFrame.Host\IronFrame.Host.csproj", "{6E4DD8FC-91E8-4C70-946D-4C37DF84C8CF}"
EndProject
Project("{FAE04EC0-301F-11D3-BF4B-00C04F79EFBC}") = "IronFrame.Shared", "..\src\github.com\cloudfoundry-incubator\garden-windows\containerizer\IronFrame\IronFrame.Shared\IronFrame.Shared.csproj", "{CB7BA555-21FD-4C57-A629-A925B6A83A31}"
EndProject
Project("{FAE04EC0-301F-11D3-BF4B-00C04F79EFBC}") = "Utilities", "Utilities\Utilities.csproj", "{5BF61F53-923F-46C5-B160-D503B08B9B5A}"
EndProject
Global
	GlobalSection(SolutionConfigurationPlatforms) = preSolution
		Debug|Any CPU = Debug|Any CPU
		Debug|ARM = Debug|ARM
		Debug|Mixed Platforms = Debug|Mixed Platforms
		Debug|x64 = Debug|x64
		Debug|x86 = Debug|x86
		Release|Any CPU = Release|Any CPU
		Release|ARM = Release|ARM
		Release|Mixed Platforms = Release|Mixed Platforms
		Release|x64 = Release|x64
		Release|x86 = Release|x86
	EndGlobalSection
	GlobalSection(ProjectConfigurationPlatforms) = postSolution
		{E59E28F3-8214-4EAF-B1E4-F6AAEA541235}.Debug|Any CPU.ActiveCfg = Debug
		{E59E28F3-8214-4EAF-B1E4-F6AAEA541235}.Debug|ARM.ActiveCfg = Debug
		{E59E28F3-8214-4EAF-B1E4-F6AAEA541235}.Debug|ARM.Build.0 = Debug
		{E59E28F3-8214-4EAF-B1E4-F6AAEA541235}.Debug|Mixed Platforms.ActiveCfg = Debug
		{E59E28F3-8214-4EAF-B1E4-F6AAEA541235}.Debug|Mixed Platforms.Build.0 = Debug
		{E59E28F3-8214-4EAF-B1E4-F6AAEA541235}.Debug|x64.ActiveCfg = Debug
		{E59E28F3-8214-4EAF-B1E4-F6AAEA541235}.Debug|x64.Build.0 = Debug
		{E59E28F3-8214-4EAF-B1E4-F6AAEA541235}.Debug|x86.ActiveCfg = Debug
		{E59E28F3-8214-4EAF-B1E4-F6AAEA541235}.Debug|x86.Build.0 = Debug
		{E59E28F3-8214-4EAF-B1E4-F6AAEA541235}.Release|Any CPU.ActiveCfg = Release
		{E59E28F3-8214-4EAF-B1E4-F6AAEA541235}.Release|ARM.ActiveCfg = Release
		{E59E28F3-8214-4EAF-B1E4-F6AAEA541235}.Release|ARM.Build.0 = Release
		{E59E28F3-8214-4EAF-B1E4-F6AAEA541235}.Release|Mixed Platforms.ActiveCfg = Release
		{E59E28F3-8214-4EAF-B1E4-F6AAEA541235}.Release|Mixed Platforms.Build.0 = Release
		{E59E28F3-8214-4EAF-B1E4-F6AAEA541235}.Release|x64.ActiveCfg = Release
		{E59E28F3-8214-4EAF-B1E4-F6AAEA541235}.Release|x64.Build.0 = Release
		{E59E28F3-8214-4EAF-B1E4-F6AAEA541235}.Release|x86.ActiveCfg = Release
		{E59E28F3-8214-4EAF-B1E4-F6AAEA541235}.Release|x86.Build.0 = Release
		{47A78AC3-D749-46E2-B7B6-A7DC1A8C2B70}.Debug|Any CPU.ActiveCfg = Debug|Any CPU
		{47A78AC3-D749-46E2-B7B6-A7DC1A8C2B70}.Debug|Any CPU.Build.0 = Debug|Any CPU
		{47A78AC3-D749-46E2-B7B6-A7DC1A8C2B70}.Debug|ARM.ActiveCfg = Debug|Any CPU
		{47A78AC3-D749-46E2-B7B6-A7DC1A8C2B70}.Debug|Mixed Platforms.ActiveCfg = Debug|Any CPU
		{47A78AC3-D749-46E2-B7B6-A7DC1A8C2B70}.Debug|Mixed Platforms.Build.0 = Debug|Any CPU
		{47A78AC3-D749-46E2-B7B6-A7DC1A8C2B70}.Debug|x64.ActiveCfg = Debug|Any CPU
		{47A78AC3-D749-46E2-B7B6-A7DC1A8C2B70}.Debug|x86.ActiveCfg = Debug|Any CPU
		{47A78AC3-D749-46E2-B7B6-A7DC1A8C2B70}.Release|Any CPU.ActiveCfg = Release|Any CPU
		{47A78AC3-D749-46E2-B7B6-A7DC1A8C2B70}.Release|Any CPU.Build.0 = Release|Any CPU
		{47A78AC3-D749-46E2-B7B6-A7DC1A8C2B70}.Release|ARM.ActiveCfg = Release|Any CPU
		{47A78AC3-D749-46E2-B7B6-A7DC1A8C2B70}.Release|Mixed Platforms.ActiveCfg = Release|Any CPU
		{47A78AC3-D749-46E2-B7B6-A7DC1A8C2B70}.Release|Mixed Platforms.Build.0 = Release|Any CPU
		{47A78AC3-D749-46E2-B7B6-A7DC1A8C2B70}.Release|x64.ActiveCfg = Release|Any CPU
		{47A78AC3-D749-46E2-B7B6-A7DC1A8C2B70}.Release|x86.ActiveCfg = Release|Any CPU
		{9BE76F3D-09E5-4821-BB4C-658A27558948}.Debug|Any CPU.ActiveCfg = Debug|Any CPU
		{9BE76F3D-09E5-4821-BB4C-658A27558948}.Debug|Any CPU.Build.0 = Debug|Any CPU
		{9BE76F3D-09E5-4821-BB4C-658A27558948}.Debug|ARM.ActiveCfg = Debug|Any CPU
		{9BE76F3D-09E5-4821-BB4C-658A27558948}.Debug|Mixed Platforms.ActiveCfg = Debug|Any CPU
		{9BE76F3D-09E5-4821-BB4C-658A27558948}.Debug|Mixed Platforms.Build.0 = Debug|Any CPU
		{9BE76F3D-09E5-4821-BB4C-658A27558948}.Debug|x64.ActiveCfg = Debug|Any CPU
		{9BE76F3D-09E5-4821-BB4C-658A27558948}.Debug|x86.ActiveCfg = Debug|Any CPU
		{9BE76F3D-09E5-4821-BB4C-658A27558948}.Release|Any CPU.ActiveCfg = Release|Any CPU
		{9BE76F3D-09E5-4821-BB4C-658A27558948}.Release|Any CPU.Build.0 = Release|Any CPU
		{9BE76F3D-09E5-4821-BB4C-658A27558948}.Release|ARM.ActiveCfg = Release|Any CPU
		{9BE76F3D-09E5-4821-BB4C-658A27558948}.Release|Mixed Platforms.ActiveCfg = Release|Any CPU
		{9BE76F3D-09E5-4821-BB4C-658A27558948}.Release|Mixed Platforms.Build.0 = Release|Any CPU
		{9BE76F3D-09E5-4821-BB4C-658A27558948}.Release|x64.ActiveCfg = Release|Any CPU
		{9BE76F3D-09E5-4821-BB4C-658A27558948}.Release|x86.ActiveCfg = Release|Any CPU
		{0C31B733-6F0E-447D-A55E-453213B26D51}.Debug|Any CPU.ActiveCfg = Debug|Any CPU
		{0C31B733-6F0E-447D-A55E-453213B26D51}.Debug|Any CPU.Build.0 = Debug|Any CPU
		{0C31B733-6F0E-447D-A55E-453213B26D51}.Debug|ARM.ActiveCfg = Debug|Any CPU
		{0C31B733-6F0E-447D-A55E-453213B26D51}.Debug|Mixed Platforms.ActiveCfg = Debug|Any CPU
		{0C31B733-6F0E-447D-A55E-453213B26D51}.Debug|Mixed Platforms.Build.0 = Debug|Any CPU
		{0C31B733-6F0E-447D-A55E-453213B26D51}.Debug|x64.ActiveCfg = Debug|Any CPU
		{0C31B733-6F0E-447D-A55E-453213B26D51}.Debug|x86.ActiveCfg = Debug|Any CPU
		{0C31B733-6F0E-447D-A55E-453213B26D51}.Release|Any CPU.ActiveCfg = Release|Any CPU
		{0C31B733-6F0E-447D-A55E-453213B26D51}.Release|Any CPU.Build.0 = Release|Any CPU
		{0C31B733-6F0E-447D-A55E-453213B26D51}.Release|ARM.ActiveCfg = Release|Any CPU
		{0C31B733-6F0E-447D-A55E-453213B26D51}.Release|Mixed Platforms.ActiveCfg = Release|Any CPU
		{0C31B733-6F0E-447D-A55E-453213B26D51}.Release|Mixed Platforms.Build.0 = Release|Any CPU
		{0C31B733-6F0E-447D-A55E-453213B26D51}.Release|x64.ActiveCfg = Release|Any CPU
		{0C31B733-6F0E-447D-A55E-453213B26D51}.Release|x86.ActiveCfg = Release|Any CPU
		{D7F28661-15DB-4C4C-8826-1D4506714B5D}.Debug|Any CPU.ActiveCfg = Debug|Any CPU
		{D7F28661-15DB-4C4C-8826-1D4506714B5D}.Debug|Any CPU.Build.0 = Debug|Any CPU
		{D7F28661-15DB-4C4C-8826-1D4506714B5D}.Debug|ARM.ActiveCfg = Debug|Any CPU
		{D7F28661-15DB-4C4C-8826-1D4506714B5D}.Debug|Mixed Platforms.ActiveCfg = Debug|Any CPU
		{D7F28661-15DB-4C4C-8826-1D4506714B5D}.Debug|Mixed Platforms.Build.0 = Debug|Any CPU
		{D7F28661-15DB-4C4C-8826-1D4506714B5D}.Debug|x64.ActiveCfg = Debug|Any CPU
		{D7F28661-15DB-4C4C-8826-1D4506714B5D}.Debug|x86.ActiveCfg = Debug|Any CPU
		{D7F28661-15DB-4C4C-8826-1D4506714B5D}.Release|Any CPU.ActiveCfg = Release|Any CPU
		{D7F28661-15DB-4C4C-8826-1D4506714B5D}.Release|Any CPU.Build.0 = Release|Any CPU
		{D7F28661-15DB-4C4C-8826-1D4506714B5D}.Release|ARM.ActiveCfg = Release|Any CPU
		{D7F28661-15DB-4C4C-8826-1D4506714B5D}.Release|Mixed Platforms.ActiveCfg = Release|Any CPU
		{D7F28661-15DB-4C4C-8826-1D4506714B5D}.Release|Mixed Platforms.Build.0 = Release|Any CPU
		{D7F28661-15DB-4C4C-8826-1D4506714B5D}.Release|x64.ActiveCfg = Release|Any CPU
		{D7F28661-15DB-4C4C-8826-1D4506714B5D}.Release|x86.ActiveCfg = Release|Any CPU
		{10A2FD7D-81FB-4F85-BE35-DE41E9084F99}.Debug|Any CPU.ActiveCfg = Debug|Any CPU
		{10A2FD7D-81FB-4F85-BE35-DE41E9084F99}.Debug|Any CPU.Build.0 = Debug|Any CPU
		{10A2FD7D-81FB-4F85-BE35-DE41E9084F99}.Debug|ARM.ActiveCfg = Debug|Any CPU
		{10A2FD7D-81FB-4F85-BE35-DE41E9084F99}.Debug|Mixed Platforms.ActiveCfg = Debug|Any CPU
		{10A2FD7D-81FB-4F85-BE35-DE41E9084F99}.Debug|Mixed Platforms.Build.0 = Debug|Any CPU
		{10A2FD7D-81FB-4F85-BE35-DE41E9084F99}.Debug|x64.ActiveCfg = Debug|Any CPU
		{10A2FD7D-81FB-4F85-BE35-DE41E9084F99}.Debug|x86.ActiveCfg = Debug|Any CPU
		{10A2FD7D-81FB-4F85-BE35-DE41E9084F99}.Release|Any CPU.ActiveCfg = Release|Any CPU
		{10A2FD7D-81FB-4F85-BE35-DE41E9084F99}.Release|Any CPU.Build.0 = Release|Any CPU
		{10A2FD7D-81FB-4F85-BE35-DE41E9084F99}.Release|ARM.ActiveCfg = Release|Any CPU
		{10A2FD7D-81FB-4F85-BE35-DE41E9084F99}.Release|Mixed Platforms.ActiveCfg = Release|Any CPU
		{10A2FD7D-81FB-4F85-BE35-DE41E9084F99}.Release|Mixed Platforms.Build.0 = Release|Any CPU
		{10A2FD7D-81FB-4F85-BE35-DE41E9084F99}.Release|x64.ActiveCfg = Release|Any CPU
		{10A2FD7D-81FB-4F85-BE35-DE41E9084F99}.Release|x86.ActiveCfg = Release|Any CPU
		{B512432C-BDE1-4108-8DCF-5EDB78FAC454}.Debug|Any CPU.ActiveCfg = Debug|Any CPU
		{B512432C-BDE1-4108-8DCF-5EDB78FAC454}.Debug|Any CPU.Build.0 = Debug|Any CPU
		{B512432C-BDE1-4108-8DCF-5EDB78FAC454}.Debug|ARM.ActiveCfg = Debug|Any CPU
		{B512432C-BDE1-4108-8DCF-5EDB78FAC454}.Debug|Mixed Platforms.ActiveCfg = Debug|Any CPU
		{B512432C-BDE1-4108-8DCF-5EDB78FAC454}.Debug|Mixed Platforms.Build.0 = Debug|Any CPU
		{B512432C-BDE1-4108-8DCF-5EDB78FAC454}.Debug|x64.ActiveCfg = Debug|Any CPU
		{B512432C-BDE1-4108-8DCF-5EDB78FAC454}.Debug|x86.ActiveCfg = Debug|Any CPU
		{B512432C-BDE1-4108-8DCF-5EDB78FAC454}.Release|Any CPU.ActiveCfg = Release|Any CPU
		{B512432C-BDE1-4108-8DCF-5EDB78FAC454}.Release|Any CPU.Build.0 = Release|Any CPU
		{B512432C-BDE1-4108-8DCF-5EDB78FAC454}.Release|ARM.ActiveCfg = Release|Any CPU
		{B512432C-BDE1-4108-8DCF-5EDB78FAC454}.Release|Mixed Platforms.ActiveCfg = Release|Any CPU
		{B512432C-BDE1-4108-8DCF-5EDB78FAC454}.Release|Mixed Platforms.Build.0 = Release|Any CPU
		{B512432C-BDE1-4108-8DCF-5EDB78FAC454}.Release|x64.ActiveCfg = Release|Any CPU
		{B512432C-BDE1-4108-8DCF-5EDB78FAC454}.Release|x86.ActiveCfg = Release|Any CPU
		{37CE20E8-7999-4F16-BC9F-C97566107BDC}.Debug|Any CPU.ActiveCfg = Debug|Any CPU
		{37CE20E8-7999-4F16-BC9F-C97566107BDC}.Debug|Any CPU.Build.0 = Debug|Any CPU
		{37CE20E8-7999-4F16-BC9F-C97566107BDC}.Debug|ARM.ActiveCfg = Debug|Any CPU
		{37CE20E8-7999-4F16-BC9F-C97566107BDC}.Debug|Mixed Platforms.ActiveCfg = Debug|Any CPU
		{37CE20E8-7999-4F16-BC9F-C97566107BDC}.Debug|Mixed Platforms.Build.0 = Debug|Any CPU
		{37CE20E8-7999-4F16-BC9F-C97566107BDC}.Debug|x64.ActiveCfg = Debug|Any CPU
		{37CE20E8-7999-4F16-BC9F-C97566107BDC}.Debug|x86.ActiveCfg = Debug|Any CPU
		{37CE20E8-7999-4F16-BC9F-C97566107BDC}.Release|Any CPU.ActiveCfg = Release|Any CPU
		{37CE20E8-7999-4F16-BC9F-C97566107BDC}.Release|Any CPU.Build.0 = Release|Any CPU
		{37CE20E8-7999-4F16-BC9F-C97566107BDC}.Release|ARM.ActiveCfg = Release|Any CPU
		{37CE20E8-7999-4F16-BC9F-C97566107BDC}.Release|Mixed Platforms.ActiveCfg = Release|Any CPU
		{37CE20E8-7999-4F16-BC9F-C97566107BDC}.Release|Mixed Platforms.Build.0 = Release|Any CPU
		{37CE20E8-7999-4F16-BC9F-C97566107BDC}.Release|x64.ActiveCfg = Release|Any CPU
		{37CE20E8-7999-4F16-BC9F-C97566107BDC}.Release|x86.ActiveCfg = Release|Any CPU
		{7ACF3253-98BB-44B2-8451-2089B6B95099}.Debug|Any CPU.ActiveCfg = Debug|Any CPU
		{7ACF3253-98BB-44B2-8451-2089B6B95099}.Debug|Any CPU.Build.0 = Debug|Any CPU
		{7ACF3253-98BB-44B2-8451-2089B6B95099}.Debug|ARM.ActiveCfg = Debug|Any CPU
		{7ACF3253-98BB-44B2-8451-2089B6B95099}.Debug|Mixed Platforms.ActiveCfg = Debug|Any CPU
		{7ACF3253-98BB-44B2-8451-2089B6B95099}.Debug|Mixed Platforms.Build.0 = Debug|Any CPU
		{7ACF3253-98BB-44B2-8451-2089B6B95099}.Debug|x64.ActiveCfg = Debug|Any CPU
		{7ACF3253-98BB-44B2-8451-2089B6B95099}.Debug|x86.ActiveCfg = Debug|Any CPU
		{7ACF3253-98BB-44B2-8451-2089B6B95099}.Release|Any CPU.ActiveCfg = Release|Any CPU
		{7ACF3253-98BB-44B2-8451-2089B6B95099}.Release|Any CPU.Build.0 = Release|Any CPU
		{7ACF3253-98BB-44B2-8451-2089B6B95099}.Release|ARM.ActiveCfg = Release|Any CPU
		{7ACF3253-98BB-44B2-8451-2089B6B95099}.Release|Mixed Platforms.ActiveCfg = Release|Any CPU
		{7ACF3253-98BB-44B2-8451-2089B6B95099}.Release|Mixed Platforms.Build.0 = Release|Any CPU
		{7ACF3253-98BB-44B2-8451-2089B6B95099}.Release|x64.ActiveCfg = Release|Any CPU
		{7ACF3253-98BB-44B2-8451-2089B6B95099}.Release|x86.ActiveCfg = Release|Any CPU
		{642C3C03-E002-4A16-8117-5EBAE8ACB9A4}.Debug|Any CPU.ActiveCfg = Debug|Any CPU
		{642C3C03-E002-4A16-8117-5EBAE8ACB9A4}.Debug|Any CPU.Build.0 = Debug|Any CPU
		{642C3C03-E002-4A16-8117-5EBAE8ACB9A4}.Debug|ARM.ActiveCfg = Debug|Any CPU
		{642C3C03-E002-4A16-8117-5EBAE8ACB9A4}.Debug|Mixed Platforms.ActiveCfg = Debug|Any CPU
		{642C3C03-E002-4A16-8117-5EBAE8ACB9A4}.Debug|Mixed Platforms.Build.0 = Debug|Any CPU
		{642C3C03-E002-4A16-8117-5EBAE8ACB9A4}.Debug|x64.ActiveCfg = Debug|Any CPU
		{642C3C03-E002-4A16-8117-5EBAE8ACB9A4}.Debug|x86.ActiveCfg = Debug|Any CPU
		{642C3C03-E002-4A16-8117-5EBAE8ACB9A4}.Release|Any CPU.ActiveCfg = Release|Any CPU
		{642C3C03-E002-4A16-8117-5EBAE8ACB9A4}.Release|Any CPU.Build.0 = Release|Any CPU
		{642C3C03-E002-4A16-8117-5EBAE8ACB9A4}.Release|ARM.ActiveCfg = Release|Any CPU
		{642C3C03-E002-4A16-8117-5EBAE8ACB9A4}.Release|Mixed Platforms.ActiveCfg = Release|Any CPU
		{642C3C03-E002-4A16-8117-5EBAE8ACB9A4}.Release|Mixed Platforms.Build.0 = Release|Any CPU
		{642C3C03-E002-4A16-8117-5EBAE8ACB9A4}.Release|x64.ActiveCfg = Release|Any CPU
		{642C3C03-E002-4A16-8117-5EBAE8ACB9A4}.Release|x86.ActiveCfg = Release|Any CPU
		{5DE07F79-B758-4A04-B908-626E7577313E}.Debug|Any CPU.ActiveCfg = Debug|Any CPU
		{5DE07F79-B758-4A04-B908-626E7577313E}.Debug|Any CPU.Build.0 = Debug|Any CPU
		{5DE07F79-B758-4A04-B908-626E7577313E}.Debug|ARM.ActiveCfg = Debug|Any CPU
		{5DE07F79-B758-4A04-B908-626E7577313E}.Debug|Mixed Platforms.ActiveCfg = Debug|Any CPU
		{5DE07F79-B758-4A04-B908-626E7577313E}.Debug|Mixed Platforms.Build.0 = Debug|Any CPU
		{5DE07F79-B758-4A04-B908-626E7577313E}.Debug|x64.ActiveCfg = Debug|Any CPU
		{5DE07F79-B758-4A04-B908-626E7577313E}.Debug|x86.ActiveCfg = Debug|Any CPU
		{5DE07F79-B758-4A04-B908-626E7577313E}.Release|Any CPU.ActiveCfg = Release|Any CPU
		{5DE07F79-B758-4A04-B908-626E7577313E}.Release|Any CPU.Build.0 = Release|Any CPU
		{5DE07F79-B758-4A04-B908-626E7577313E}.Release|ARM.ActiveCfg = Release|Any CPU
		{5DE07F79-B758-4A04-B908-626E7577313E}.Release|Mixed Platforms.ActiveCfg = Release|Any CPU
		{5DE07F79-B758-4A04-B908-626E7577313E}.Release|Mixed Platforms.Build.0 = Release|Any CPU
		{5DE07F79-B758-4A04-B908-626E7577313E}.Release|x64.ActiveCfg = Release|Any CPU
		{5DE07F79-B758-4A04-B908-626E7577313E}.Release|x86.ActiveCfg = Release|Any CPU
		{6E4DD8FC-91E8-4C70-946D-4C37DF84C8CF}.Debug|Any CPU.ActiveCfg = Debug|Any CPU
		{6E4DD8FC-91E8-4C70-946D-4C37DF84C8CF}.Debug|Any CPU.Build.0 = Debug|Any CPU
		{6E4DD8FC-91E8-4C70-946D-4C37DF84C8CF}.Debug|ARM.ActiveCfg = Debug|Any CPU
		{6E4DD8FC-91E8-4C70-946D-4C37DF84C8CF}.Debug|Mixed Platforms.ActiveCfg = Debug|Any CPU
		{6E4DD8FC-91E8-4C70-946D-4C37DF84C8CF}.Debug|Mixed Platforms.Build.0 = Debug|Any CPU
		{6E4DD8FC-91E8-4C70-946D-4C37DF84C8CF}.Debug|x64.ActiveCfg = Debug|Any CPU
		{6E4DD8FC-91E8-4C70-946D-4C37DF84C8CF}.Debug|x86.ActiveCfg = Debug|Any CPU
		{6E4DD8FC-91E8-4C70-946D-4C37DF84C8CF}.Release|Any CPU.ActiveCfg = Release|Any CPU
		{6E4DD8FC-91E8-4C70-946D-4C37DF84C8CF}.Release|Any CPU.Build.0 = Release|Any CPU
		{6E4DD8FC-91E8-4C70-946D-4C37DF84C8CF}.Release|ARM.ActiveCfg = Release|Any CPU
		{6E4DD8FC-91E8-4C70-946D-4C37DF84C8CF}.Release|Mixed Platforms.ActiveCfg = Release|Any CPU
		{6E4DD8FC-91E8-4C70-946D-4C37DF84C8CF}.Release|Mixed Platforms.Build.0 = Release|Any CPU
		{6E4DD8FC-91E8-4C70-946D-4C37DF84C8CF}.Release|x64.ActiveCfg = Release|Any CPU
		{6E4DD8FC-91E8-4C70-946D-4C37DF84C8CF}.Release|x86.ActiveCfg = Release|Any CPU
		{CB7BA555-21FD-4C57-A629-A925B6A83A31}.Debug|Any CPU.ActiveCfg = Debug|Any CPU
		{CB7BA555-21FD-4C57-A629-A925B6A83A31}.Debug|Any CPU.Build.0 = Debug|Any CPU
		{CB7BA555-21FD-4C57-A629-A925B6A83A31}.Debug|ARM.ActiveCfg = Debug|Any CPU
		{CB7BA555-21FD-4C57-A629-A925B6A83A31}.Debug|Mixed Platforms.ActiveCfg = Debug|Any CPU
		{CB7BA555-21FD-4C57-A629-A925B6A83A31}.Debug|Mixed Platforms.Build.0 = Debug|Any CPU
		{CB7BA555-21FD-4C57-A629-A925B6A83A31}.Debug|x64.ActiveCfg = Debug|Any CPU
		{CB7BA555-21FD-4C57-A629-A925B6A83A31}.Debug|x86.ActiveCfg = Debug|Any CPU
		{CB7BA555-21FD-4C57-A629-A925B6A83A31}.Release|Any CPU.ActiveCfg = Release|Any CPU
		{CB7BA555-21FD-4C57-A629-A925B6A83A31}.Release|Any CPU.Build.0 = Release|Any CPU
		{CB7BA555-21FD-4C57-A629-A925B6A83A31}.Release|ARM.ActiveCfg = Release|Any CPU
		{CB7BA555-21FD-4C57-A629-A925B6A83A31}.Release|Mixed Platforms.ActiveCfg = Release|Any CPU
		{CB7BA555-21FD-4C57-A629-A925B6A83A31}.Release|Mixed Platforms.Build.0 = Release|Any CPU
		{CB7BA555-21FD-4C57-A629-A925B6A83A31}.Release|x64.ActiveCfg = Release|Any CPU
		{CB7BA555-21FD-4C57-A629-A925B6A83A31}.Release|x86.ActiveCfg = Release|Any CPU
		{5BF61F53-923F-46C5-B160-D503B08B9B5A}.Debug|Any CPU.ActiveCfg = Debug|Any CPU
		{5BF61F53-923F-46C5-B160-D503B08B9B5A}.Debug|Any CPU.Build.0 = Debug|Any CPU
		{5BF61F53-923F-46C5-B160-D503B08B9B5A}.Debug|ARM.ActiveCfg = Debug|Any CPU
		{5BF61F53-923F-46C5-B160-D503B08B9B5A}.Debug|Mixed Platforms.ActiveCfg = Debug|Any CPU
		{5BF61F53-923F-46C5-B160-D503B08B9B5A}.Debug|Mixed Platforms.Build.0 = Debug|Any CPU
		{5BF61F53-923F-46C5-B160-D503B08B9B5A}.Debug|x64.ActiveCfg = Debug|Any CPU
		{5BF61F53-923F-46C5-B160-D503B08B9B5A}.Debug|x86.ActiveCfg = Debug|Any CPU
		{5BF61F53-923F-46C5-B160-D503B08B9B5A}.Release|Any CPU.ActiveCfg = Release|Any CPU
		{5BF61F53-923F-46C5-B160-D503B08B9B5A}.Release|Any CPU.Build.0 = Release|Any CPU
		{5BF61F53-923F-46C5-B160-D503B08B9B5A}.Release|ARM.ActiveCfg = Release|Any CPU
		{5BF61F53-923F-46C5-B160-D503B08B9B5A}.Release|Mixed Platforms.ActiveCfg = Release|Any CPU
		{5BF61F53-923F-46C5-B160-D503B08B9B5A}.Release|Mixed Platforms.Build.0 = Release|Any CPU
		{5BF61F53-923F-46C5-B160-D503B08B9B5A}.Release|x64.ActiveCfg = Release|Any CPU
		{5BF61F53-923F-46C5-B160-D503B08B9B5A}.Release|x86.ActiveCfg = Release|Any CPU
	EndGlobalSection
	GlobalSection(SolutionProperties) = preSolution
		HideSolutionNode = FALSE
	EndGlobalSection
EndGlobal
